#MicroXplorer Configuration settings - do not modify
ADC.ClockPrescaler=ADC_CLOCK_SYNC_PCLK_DIV4
ADC.DMAContinuousRequests=ENABLE
ADC.EOCSelection=ADC_EOC_SINGLE_CONV
ADC.ExternalTrigConv=ADC_EXTERNALTRIGCONV_T15_TRGO
ADC.IPParameters=ExternalTrigConv,DMAContinuousRequests,ClockPrescaler,LowPowerAutoWait,EOCSelection
ADC.LowPowerAutoWait=DISABLE
Dma.ADC.0.Direction=DMA_PERIPH_TO_MEMORY
Dma.ADC.0.Instance=DMA1_Channel1
Dma.ADC.0.MemDataAlignment=DMA_MDATAALIGN_WORD
Dma.ADC.0.MemInc=DMA_MINC_ENABLE
Dma.ADC.0.Mode=DMA_CIRCULAR
Dma.ADC.0.PeriphDataAlignment=DMA_PDATAALIGN_WORD
Dma.ADC.0.PeriphInc=DMA_PINC_DISABLE
Dma.ADC.0.Priority=DMA_PRIORITY_LOW
Dma.ADC.0.RequestParameters=Instance,Direction,PeriphInc,MemInc,PeriphDataAlignment,MemDataAlignment,Mode,Priority
Dma.Request0=ADC
Dma.Request1=USART2_RX
Dma.RequestsNb=2
Dma.USART2_RX.1.Direction=DMA_PERIPH_TO_MEMORY
Dma.USART2_RX.1.Instance=DMA1_Channel5
Dma.USART2_RX.1.MemDataAlignment=DMA_MDATAALIGN_BYTE
Dma.USART2_RX.1.MemInc=DMA_MINC_ENABLE
Dma.USART2_RX.1.Mode=DMA_CIRCULAR
Dma.USART2_RX.1.PeriphDataAlignment=DMA_PDATAALIGN_BYTE
Dma.USART2_RX.1.PeriphInc=DMA_PINC_DISABLE
Dma.USART2_RX.1.Priority=DMA_PRIORITY_LOW
Dma.USART2_RX.1.RequestParameters=Instance,Direction,PeriphInc,MemInc,PeriphDataAlignment,MemDataAlignment,Mode,Priority
File.Version=6
GPIO.groupedBy=Group By Peripherals
KeepUserPlacement=false
Mcu.Family=STM32F0
Mcu.IP0=ADC
Mcu.IP1=DMA
Mcu.IP10=TIM15
Mcu.IP11=USART1
Mcu.IP12=USART2
Mcu.IP2=I2C1
Mcu.IP3=NVIC
Mcu.IP4=RCC
Mcu.IP5=RTC
Mcu.IP6=SYS
Mcu.IP7=TIM1
Mcu.IP8=TIM3
Mcu.IP9=TIM6
Mcu.IPNb=13
Mcu.Name=STM32F030C8Tx
Mcu.Package=LQFP48
Mcu.Pin0=PC13
Mcu.Pin1=PC14-OSC32_IN
Mcu.Pin10=PA13
Mcu.Pin11=PF6
Mcu.Pin12=PA14
Mcu.Pin13=PA15
Mcu.Pin14=PB3
Mcu.Pin15=PB4
Mcu.Pin16=PB5
Mcu.Pin17=PB6
Mcu.Pin18=PB7
Mcu.Pin19=PB8
Mcu.Pin2=PC15-OSC32_OUT
Mcu.Pin20=PB9
Mcu.Pin21=VP_RTC_VS_RTC_Activate
Mcu.Pin22=VP_RTC_VS_RTC_Calendar
Mcu.Pin23=VP_RTC_VS_RTC_Alarm_A_Intern
Mcu.Pin24=VP_SYS_VS_Systick
Mcu.Pin25=VP_TIM1_VS_ClockSourceINT
Mcu.Pin26=VP_TIM3_VS_ClockSourceINT
Mcu.Pin27=VP_TIM6_VS_ClockSourceINT
Mcu.Pin28=VP_TIM15_VS_ClockSourceINT
Mcu.Pin3=PA1
Mcu.Pin4=PA2
Mcu.Pin5=PA3
Mcu.Pin6=PB0
Mcu.Pin7=PA9
Mcu.Pin8=PA10
Mcu.Pin9=PA11
Mcu.PinsNb=29
Mcu.ThirdPartyNb=0
Mcu.UserConstants=
Mcu.UserName=STM32F030C8Tx
MxCube.Version=6.4.0
MxDb.Version=DB.6.0.40
NVIC.ADC1_IRQn=true\:0\:0\:false\:false\:true\:true\:true
NVIC.DMA1_Channel1_IRQn=true\:0\:0\:false\:false\:true\:false\:true
NVIC.DMA1_Channel4_5_IRQn=true\:0\:0\:false\:false\:true\:false\:true
NVIC.EXTI2_3_IRQn=true\:0\:0\:false\:false\:true\:true\:true
NVIC.EXTI4_15_IRQn=true\:0\:0\:false\:false\:true\:true\:true
NVIC.ForceEnableDMAVector=true
NVIC.HardFault_IRQn=true\:0\:0\:false\:false\:true\:false\:false
NVIC.NonMaskableInt_IRQn=true\:0\:0\:false\:false\:true\:false\:false
NVIC.PendSV_IRQn=true\:0\:0\:false\:false\:true\:false\:false
NVIC.RTC_IRQn=true\:0\:0\:false\:false\:true\:true\:true
NVIC.SVC_IRQn=true\:0\:0\:false\:false\:true\:false\:false
NVIC.SysTick_IRQn=true\:0\:0\:false\:false\:true\:false\:true
NVIC.TIM6_IRQn=true\:0\:0\:false\:false\:true\:true\:true
PA1.Mode=IN1
PA1.Signal=ADC_IN1
PA10.Mode=Asynchronous
PA10.Signal=USART1_RX
PA11.Signal=S_TIM1_CH4
PA13.Mode=Serial_Wire
PA13.Signal=SYS_SWDIO
PA14.Mode=Serial_Wire
PA14.Signal=SYS_SWCLK
PA15.GPIOParameters=GPIO_Label
PA15.GPIO_Label=KEY1
PA15.Locked=true
PA15.Signal=GPXTI15
PA2.Mode=Asynchronous
PA2.Signal=USART2_TX
PA3.Mode=Asynchronous
PA3.Signal=USART2_RX
PA9.Mode=Asynchronous
PA9.Signal=USART1_TX
PB0.Signal=S_TIM3_CH3
PB3.GPIOParameters=GPIO_Label
PB3.GPIO_Label=KEY2
PB3.Locked=true
PB3.Signal=GPXTI3
PB4.GPIOParameters=GPIO_Label
PB4.GPIO_Label=KEY3
PB4.Locked=true
PB4.Signal=GPXTI4
PB5.GPIOParameters=GPIO_Label
PB5.GPIO_Label=KEY4
PB5.Locked=true
PB5.Signal=GPXTI5
PB6.GPIOParameters=GPIO_Pu
PB6.GPIO_Pu=GPIO_PULLUP
PB6.Mode=I2C
PB6.Signal=I2C1_SCL
PB7.GPIOParameters=GPIO_Pu
PB7.GPIO_Pu=GPIO_PULLUP
PB7.Mode=I2C
PB7.Signal=I2C1_SDA
PB8.GPIOParameters=GPIO_Label
PB8.GPIO_Label=MPU_INT
PB8.Locked=true
PB8.Signal=GPXTI8
PB9.GPIOParameters=GPIO_Label,GPIO_ModeDefaultEXTI
PB9.GPIO_Label=MAX_INT
PB9.GPIO_ModeDefaultEXTI=GPIO_MODE_IT_FALLING
PB9.Locked=true
PB9.Signal=GPXTI9
PC13.GPIOParameters=PinState,GPIO_Label
PC13.GPIO_Label=MAX_EN
PC13.Locked=true
PC13.PinState=GPIO_PIN_RESET
PC13.Signal=GPIO_Output
PC14-OSC32_IN.Mode=LSE-External-Oscillator
PC14-OSC32_IN.Signal=RCC_OSC32_IN
PC15-OSC32_OUT.Mode=LSE-External-Oscillator
PC15-OSC32_OUT.Signal=RCC_OSC32_OUT
PF6.GPIOParameters=GPIO_Label
PF6.GPIO_Label=USB_DET
PF6.Locked=true
PF6.Signal=GPXTI6
PinOutPanel.RotationAngle=180
ProjectManager.AskForMigrate=true
ProjectManager.BackupPrevious=false
ProjectManager.CompilerOptimize=6
ProjectManager.ComputerToolchain=false
ProjectManager.CoupleFile=true
ProjectManager.CustomerFirmwarePackage=
ProjectManager.DefaultFWLocation=true
ProjectManager.DeletePrevious=true
ProjectManager.DeviceId=STM32F030C8Tx
ProjectManager.FirmwarePackage=STM32Cube FW_F0 V1.11.3
ProjectManager.FreePins=false
ProjectManager.HalAssertFull=false
ProjectManager.HeapSize=0x400
ProjectManager.KeepUserCode=true
ProjectManager.LastFirmware=true
ProjectManager.LibraryCopy=1
ProjectManager.MainLocation=Src
ProjectManager.NoMain=false
ProjectManager.PreviousToolchain=
ProjectManager.ProjectBuild=false
ProjectManager.ProjectFileName=my_watch_software.ioc
ProjectManager.ProjectName=my_watch_software
ProjectManager.RegisterCallBack=
ProjectManager.StackSize=0x600
ProjectManager.TargetToolchain=MDK-ARM V5.27
ProjectManager.ToolChainLocation=
ProjectManager.UnderRoot=false
ProjectManager.functionlistsort=1-MX_GPIO_Init-GPIO-false-HAL-true,2-MX_DMA_Init-DMA-false-HAL-true,3-SystemClock_Config-RCC-false-HAL-false,4-MX_I2C1_Init-I2C1-false-HAL-true,5-MX_RTC_Init-RTC-false-HAL-true,6-MX_TIM1_Init-TIM1-false-HAL-true,7-MX_TIM3_Init-TIM3-false-HAL-true,8-MX_USART1_UART_Init-USART1-false-HAL-true,9-MX_ADC_Init-ADC-false-HAL-true,10-MX_USART2_UART_Init-USART2-false-HAL-true,11-MX_TIM6_Init-TIM6-false-HAL-true,12-MX_TIM15_Init-TIM15-false-HAL-true
RCC.AHBFreq_Value=48000000
RCC.APB1Freq_Value=48000000
RCC.APB1TimFreq_Value=48000000
RCC.FCLKCortexFreq_Value=48000000
RCC.FamilyName=M
RCC.HCLKFreq_Value=48000000
RCC.IPParameters=AHBFreq_Value,APB1Freq_Value,APB1TimFreq_Value,FCLKCortexFreq_Value,FamilyName,HCLKFreq_Value,MCOFreq_Value,PLLCLKFreq_Value,PLLMCOFreq_Value,PLLMUL,RTCClockSelection,RTCFreq_Value,SYSCLKFreq_VALUE,SYSCLKSource,TimSysFreq_Value,USART1Freq_Value
RCC.MCOFreq_Value=48000000
RCC.PLLCLKFreq_Value=48000000
RCC.PLLMCOFreq_Value=24000000
RCC.PLLMUL=RCC_PLL_MUL12
RCC.RTCClockSelection=RCC_RTCCLKSOURCE_LSE
RCC.RTCFreq_Value=32768
RCC.SYSCLKFreq_VALUE=48000000
RCC.SYSCLKSource=RCC_SYSCLKSOURCE_PLLCLK
RCC.TimSysFreq_Value=48000000
RCC.USART1Freq_Value=48000000
RTC.Alarm-Alarm\ A=RTC_ALARM_A
RTC.AlarmDateWeekDay-Alarm\ A=RTC_WEEKDAY_FRIDAY
RTC.AlarmDateWeekDaySel-Alarm\ A=RTC_ALARMDATEWEEKDAYSEL_WEEKDAY
RTC.AlarmMaskDateWeekDay-Alarm\ A=RTC_ALARMMASK_DATEWEEKDAY
RTC.AlarmMaskHours-Alarm\ A=RTC_ALARMMASK_HOURS
RTC.Date=23
RTC.Format=RTC_FORMAT_BIN
RTC.Hours_A-Alarm\ A=0
RTC.IPParameters=Alarm-Alarm A,AlarmMaskDateWeekDay-Alarm A,AlarmMaskHours-Alarm A,AlarmDateWeekDaySel-Alarm A,AlarmDateWeekDay-Alarm A,Hours_A-Alarm A,Format,Date,Year
RTC.Year=98
SH.GPXTI15.0=GPIO_EXTI15
SH.GPXTI15.ConfNb=1
SH.GPXTI3.0=GPIO_EXTI3
SH.GPXTI3.ConfNb=1
SH.GPXTI4.0=GPIO_EXTI4
SH.GPXTI4.ConfNb=1
SH.GPXTI5.0=GPIO_EXTI5
SH.GPXTI5.ConfNb=1
SH.GPXTI6.0=GPIO_EXTI6
SH.GPXTI6.ConfNb=1
SH.GPXTI8.0=GPIO_EXTI8
SH.GPXTI8.ConfNb=1
SH.GPXTI9.0=GPIO_EXTI9
SH.GPXTI9.ConfNb=1
SH.S_TIM1_CH4.0=TIM1_CH4,PWM Generation4 CH4
SH.S_TIM1_CH4.ConfNb=1
SH.S_TIM3_CH3.0=TIM3_CH3,PWM Generation3 CH3
SH.S_TIM3_CH3.ConfNb=1
TIM1.Channel-PWM\ Generation4\ CH4=TIM_CHANNEL_4
TIM1.IPParameters=Channel-PWM Generation4 CH4,Prescaler,Period,Pulse-PWM Generation4 CH4,TIM_MasterOutputTrigger
TIM1.Period=1000-1
TIM1.Prescaler=48-1
TIM1.Pulse-PWM\ Generation4\ CH4=300
TIM1.TIM_MasterOutputTrigger=TIM_TRGO_RESET
TIM15.IPParameters=Prescaler,Period,TIM_MasterOutputTrigger
TIM15.Period=10000-1
TIM15.Prescaler=48-1
TIM15.TIM_MasterOutputTrigger=TIM_TRGO_UPDATE
TIM3.Channel-PWM\ Generation3\ CH3=TIM_CHANNEL_3
TIM3.IPParameters=Channel-PWM Generation3 CH3,Prescaler,Period,Pulse-PWM Generation3 CH3
TIM3.Period=1000-1
TIM3.Prescaler=48-1
TIM3.Pulse-PWM\ Generation3\ CH3=500
TIM6.IPParameters=Prescaler,Period
TIM6.Period=1000-1
TIM6.Prescaler=48-1
USART1.BaudRate=115200
USART1.IPParameters=VirtualMode-Asynchronous,BaudRate,SwapParam
USART1.SwapParam=ADVFEATURE_SWAP_DISABLE
USART1.VirtualMode-Asynchronous=VM_ASYNC
USART2.BaudRate=9600
USART2.IPParameters=VirtualMode-Asynchronous,BaudRate,SwapParam
USART2.SwapParam=ADVFEATURE_SWAP_ENABLE
USART2.VirtualMode-Asynchronous=VM_ASYNC
VP_RTC_VS_RTC_Activate.Mode=RTC_Enabled
VP_RTC_VS_RTC_Activate.Signal=RTC_VS_RTC_Activate
VP_RTC_VS_RTC_Alarm_A_Intern.Mode=Alarm A
VP_RTC_VS_RTC_Alarm_A_Intern.Signal=RTC_VS_RTC_Alarm_A_Intern
VP_RTC_VS_RTC_Calendar.Mode=RTC_Calendar
VP_RTC_VS_RTC_Calendar.Signal=RTC_VS_RTC_Calendar
VP_SYS_VS_Systick.Mode=SysTick
VP_SYS_VS_Systick.Signal=SYS_VS_Systick
VP_TIM15_VS_ClockSourceINT.Mode=Internal
VP_TIM15_VS_ClockSourceINT.Signal=TIM15_VS_ClockSourceINT
VP_TIM1_VS_ClockSourceINT.Mode=Internal
VP_TIM1_VS_ClockSourceINT.Signal=TIM1_VS_ClockSourceINT
VP_TIM3_VS_ClockSourceINT.Mode=Internal
VP_TIM3_VS_ClockSourceINT.Signal=TIM3_VS_ClockSourceINT
VP_TIM6_VS_ClockSourceINT.Mode=Enable_Timer
VP_TIM6_VS_ClockSourceINT.Signal=TIM6_VS_ClockSourceINT
board=custom
